
Microsoft Visual Studio Solution File, Format Version 11.00
# Visual Studio 2010
Project("{FAE04EC0-301F-11D3-BF4B-00C04F79EFBC}") = "01_PriceUpdateDragDrop", "XTAPI\C#\PriceUpdateDragDrop\01_PriceUpdateDragDrop.csproj", "{A4B0E775-AD46-4155-B3C4-C7B8ED22A54D}"
EndProject
Project("{FAE04EC0-301F-11D3-BF4B-00C04F79EFBC}") = "02_PriceUpdateManual", "XTAPI\C#\PriceUpdateManual\02_PriceUpdateManual.csproj", "{6C2A34A5-D01F-43D0-9612-6DD9341CDFB4}"
EndProject
Project("{FAE04EC0-301F-11D3-BF4B-00C04F79EFBC}") = "03_PriceUpdateMultiple", "XTAPI\C#\PriceUpdateMultiple\03_PriceUpdateMultiple.csproj", "{1EE15D7C-6895-450D-BE68-786F0D6833C0}"
EndProject
Project("{FAE04EC0-301F-11D3-BF4B-00C04F79EFBC}") = "04_PriceUpdateDepth", "XTAPI\C#\PriceUpdateDepth\04_PriceUpdateDepth.csproj", "{4666CBA9-5AC7-4AE5-B44E-9DF87CA39EA2}"
EndProject
Project("{FAE04EC0-301F-11D3-BF4B-00C04F79EFBC}") = "05_TimeAndSales", "XTAPI\C#\TimeAndSales\05_TimeAndSales.csproj", "{987AC18E-CC5A-44EE-BD40-EE58C13F87BA}"
EndProject
Project("{FAE04EC0-301F-11D3-BF4B-00C04F79EFBC}") = "06_SubmitOrder", "XTAPI\C#\SubmitOrder\06_SubmitOrder.csproj", "{9DDE74BD-DCE3-4EC6-AFBA-A48A4969F438}"
EndProject
Project("{FAE04EC0-301F-11D3-BF4B-00C04F79EFBC}") = "07_ModifyOrder", "XTAPI\C#\ModifyOrder\07_ModifyOrder.csproj", "{777E717E-5542-4EA8-A420-EA46DE59CCF7}"
EndProject
Project("{FAE04EC0-301F-11D3-BF4B-00C04F79EFBC}") = "09_FillUpdate", "XTAPI\C#\FillUpdate\09_FillUpdate.csproj", "{C32391FC-078F-4A8D-ABF2-4A66AB816C9D}"
EndProject
Project("{FAE04EC0-301F-11D3-BF4B-00C04F79EFBC}") = "10_OrderSelector", "XTAPI\C#\OrderSelector\10_OrderSelector.csproj", "{846BA2DA-86AE-4AFD-97C0-CB067ABD740E}"
EndProject
Project("{FAE04EC0-301F-11D3-BF4B-00C04F79EFBC}") = "11_ProfitLoss", "XTAPI\C#\ProfitLoss\11_ProfitLoss.csproj", "{040E72DC-773E-4002-9E5C-9871791CD430}"
EndProject
Project("{2150E333-8FDC-42A3-9474-1A3956D46DE8}") = "01-05 Prices", "01-05 Prices", "{277A13C3-8261-4C0F-873E-0175433AA0AA}"
EndProject
Project("{2150E333-8FDC-42A3-9474-1A3956D46DE8}") = "06-11 Orders and Fills", "06-11 Orders and Fills", "{31CF6FB2-C7BE-4835-97EC-1799FFEE3EBA}"
EndProject
Project("{FAE04EC0-301F-11D3-BF4B-00C04F79EFBC}") = "08_OrderUpdate", "XTAPI\C#\OrderUpdate\08_OrderUpdate.csproj", "{CDB8EE10-CAA1-402F-B5D7-CA27AD72478D}"
EndProject
Project("{2150E333-8FDC-42A3-9474-1A3956D46DE8}") = "12-17 Miscellaneous", "12-17 Miscellaneous", "{9DF2F39D-AB7E-47CB-AA34-C506B506FCDF}"
EndProject
Project("{FAE04EC0-301F-11D3-BF4B-00C04F79EFBC}") = "12_MonitorGateways", "XTAPI\C#\MonitorGateways\12_MonitorGateways.csproj", "{55137FE6-62FC-49C8-BFBD-31443323F7AB}"
EndProject
Project("{FAE04EC0-301F-11D3-BF4B-00C04F79EFBC}") = "13_ServerMode", "XTAPI\C#\ServerMode\13_ServerMode.csproj", "{22FCC78D-157E-4809-B2A4-98F90B5B4C66}"
EndProject
Project("{FAE04EC0-301F-11D3-BF4B-00C04F79EFBC}") = "14_MEAPI", "XTAPI\C#\MEAPI\14_MEAPI.csproj", "{6CDA8299-53C3-4E67-B623-EB27355E12AE}"
EndProject
Project("{FAE04EC0-301F-11D3-BF4B-00C04F79EFBC}") = "15_StartOfDay", "XTAPI\C#\StartOfDay\15_StartOfDay.csproj", "{54A8054A-7CF0-4A22-93C0-D2EE1767408A}"
EndProject
Project("{FAE04EC0-301F-11D3-BF4B-00C04F79EFBC}") = "16_ManualFill", "XTAPI\C#\ManualFill\16_ManualFill.csproj", "{E6AAE517-363B-4C75-8683-F334D6F00D17}"
EndProject
Project("{FAE04EC0-301F-11D3-BF4B-00C04F79EFBC}") = "17_HotKey", "XTAPI\C#\HotKey\17_HotKey.csproj", "{6ABED4DF-2688-4003-BD76-8626188BBE31}"
EndProject
Global
	GlobalSection(SolutionConfigurationPlatforms) = preSolution
		Debug|x86 = Debug|x86
		Release|x86 = Release|x86
	EndGlobalSection
	GlobalSection(ProjectConfigurationPlatforms) = postSolution
		{A4B0E775-AD46-4155-B3C4-C7B8ED22A54D}.Debug|x86.ActiveCfg = Debug|x86
		{A4B0E775-AD46-4155-B3C4-C7B8ED22A54D}.Debug|x86.Build.0 = Debug|x86
		{A4B0E775-AD46-4155-B3C4-C7B8ED22A54D}.Release|x86.ActiveCfg = Release|x86
		{A4B0E775-AD46-4155-B3C4-C7B8ED22A54D}.Release|x86.Build.0 = Release|x86
		{6C2A34A5-D01F-43D0-9612-6DD9341CDFB4}.Debug|x86.ActiveCfg = Debug|x86
		{6C2A34A5-D01F-43D0-9612-6DD9341CDFB4}.Debug|x86.Build.0 = Debug|x86
		{6C2A34A5-D01F-43D0-9612-6DD9341CDFB4}.Release|x86.ActiveCfg = Release|x86
		{6C2A34A5-D01F-43D0-9612-6DD9341CDFB4}.Release|x86.Build.0 = Release|x86
		{1EE15D7C-6895-450D-BE68-786F0D6833C0}.Debug|x86.ActiveCfg = Debug|x86
		{1EE15D7C-6895-450D-BE68-786F0D6833C0}.Debug|x86.Build.0 = Debug|x86
		{1EE15D7C-6895-450D-BE68-786F0D6833C0}.Release|x86.ActiveCfg = Release|x86
		{1EE15D7C-6895-450D-BE68-786F0D6833C0}.Release|x86.Build.0 = Release|x86
		{4666CBA9-5AC7-4AE5-B44E-9DF87CA39EA2}.Debug|x86.ActiveCfg = Debug|x86
		{4666CBA9-5AC7-4AE5-B44E-9DF87CA39EA2}.Debug|x86.Build.0 = Debug|x86
		{4666CBA9-5AC7-4AE5-B44E-9DF87CA39EA2}.Release|x86.ActiveCfg = Release|x86
		{4666CBA9-5AC7-4AE5-B44E-9DF87CA39EA2}.Release|x86.Build.0 = Release|x86
		{987AC18E-CC5A-44EE-BD40-EE58C13F87BA}.Debug|x86.ActiveCfg = Debug|x86
		{987AC18E-CC5A-44EE-BD40-EE58C13F87BA}.Debug|x86.Build.0 = Debug|x86
		{987AC18E-CC5A-44EE-BD40-EE58C13F87BA}.Release|x86.ActiveCfg = Release|x86
		{987AC18E-CC5A-44EE-BD40-EE58C13F87BA}.Release|x86.Build.0 = Release|x86
		{9DDE74BD-DCE3-4EC6-AFBA-A48A4969F438}.Debug|x86.ActiveCfg = Debug|x86
		{9DDE74BD-DCE3-4EC6-AFBA-A48A4969F438}.Debug|x86.Build.0 = Debug|x86
		{9DDE74BD-DCE3-4EC6-AFBA-A48A4969F438}.Release|x86.ActiveCfg = Release|x86
		{9DDE74BD-DCE3-4EC6-AFBA-A48A4969F438}.Release|x86.Build.0 = Release|x86
		{777E717E-5542-4EA8-A420-EA46DE59CCF7}.Debug|x86.ActiveCfg = Debug|x86
		{777E717E-5542-4EA8-A420-EA46DE59CCF7}.Debug|x86.Build.0 = Debug|x86
		{777E717E-5542-4EA8-A420-EA46DE59CCF7}.Release|x86.ActiveCfg = Release|x86
		{777E717E-5542-4EA8-A420-EA46DE59CCF7}.Release|x86.Build.0 = Release|x86
		{C32391FC-078F-4A8D-ABF2-4A66AB816C9D}.Debug|x86.ActiveCfg = Debug|x86
		{C32391FC-078F-4A8D-ABF2-4A66AB816C9D}.Debug|x86.Build.0 = Debug|x86
		{C32391FC-078F-4A8D-ABF2-4A66AB816C9D}.Release|x86.ActiveCfg = Release|x86
		{C32391FC-078F-4A8D-ABF2-4A66AB816C9D}.Release|x86.Build.0 = Release|x86
		{846BA2DA-86AE-4AFD-97C0-CB067ABD740E}.Debug|x86.ActiveCfg = Debug|x86
		{846BA2DA-86AE-4AFD-97C0-CB067ABD740E}.Debug|x86.Build.0 = Debug|x86
		{846BA2DA-86AE-4AFD-97C0-CB067ABD740E}.Release|x86.ActiveCfg = Release|x86
		{846BA2DA-86AE-4AFD-97C0-CB067ABD740E}.Release|x86.Build.0 = Release|x86
		{040E72DC-773E-4002-9E5C-9871791CD430}.Debug|x86.ActiveCfg = Debug|x86
		{040E72DC-773E-4002-9E5C-9871791CD430}.Debug|x86.Build.0 = Debug|x86
		{040E72DC-773E-4002-9E5C-9871791CD430}.Release|x86.ActiveCfg = Release|x86
		{040E72DC-773E-4002-9E5C-9871791CD430}.Release|x86.Build.0 = Release|x86
		{CDB8EE10-CAA1-402F-B5D7-CA27AD72478D}.Debug|x86.ActiveCfg = Debug|x86
		{CDB8EE10-CAA1-402F-B5D7-CA27AD72478D}.Debug|x86.Build.0 = Debug|x86
		{CDB8EE10-CAA1-402F-B5D7-CA27AD72478D}.Release|x86.ActiveCfg = Release|x86
		{CDB8EE10-CAA1-402F-B5D7-CA27AD72478D}.Release|x86.Build.0 = Release|x86
		{55137FE6-62FC-49C8-BFBD-31443323F7AB}.Debug|x86.ActiveCfg = Debug|x86
		{55137FE6-62FC-49C8-BFBD-31443323F7AB}.Debug|x86.Build.0 = Debug|x86
		{55137FE6-62FC-49C8-BFBD-31443323F7AB}.Release|x86.ActiveCfg = Release|x86
		{55137FE6-62FC-49C8-BFBD-31443323F7AB}.Release|x86.Build.0 = Release|x86
		{22FCC78D-157E-4809-B2A4-98F90B5B4C66}.Debug|x86.ActiveCfg = Debug|x86
		{22FCC78D-157E-4809-B2A4-98F90B5B4C66}.Debug|x86.Build.0 = Debug|x86
		{22FCC78D-157E-4809-B2A4-98F90B5B4C66}.Release|x86.ActiveCfg = Release|x86
		{22FCC78D-157E-4809-B2A4-98F90B5B4C66}.Release|x86.Build.0 = Release|x86
		{6CDA8299-53C3-4E67-B623-EB27355E12AE}.Debug|x86.ActiveCfg = Debug|x86
		{6CDA8299-53C3-4E67-B623-EB27355E12AE}.Debug|x86.Build.0 = Debug|x86
		{6CDA8299-53C3-4E67-B623-EB27355E12AE}.Release|x86.ActiveCfg = Release|x86
		{6CDA8299-53C3-4E67-B623-EB27355E12AE}.Release|x86.Build.0 = Release|x86
		{54A8054A-7CF0-4A22-93C0-D2EE1767408A}.Debug|x86.ActiveCfg = Debug|x86
		{54A8054A-7CF0-4A22-93C0-D2EE1767408A}.Debug|x86.Build.0 = Debug|x86
		{54A8054A-7CF0-4A22-93C0-D2EE1767408A}.Release|x86.ActiveCfg = Release|x86
		{54A8054A-7CF0-4A22-93C0-D2EE1767408A}.Release|x86.Build.0 = Release|x86
		{E6AAE517-363B-4C75-8683-F334D6F00D17}.Debug|x86.ActiveCfg = Debug|x86
		{E6AAE517-363B-4C75-8683-F334D6F00D17}.Debug|x86.Build.0 = Debug|x86
		{E6AAE517-363B-4C75-8683-F334D6F00D17}.Release|x86.ActiveCfg = Release|x86
		{E6AAE517-363B-4C75-8683-F334D6F00D17}.Release|x86.Build.0 = Release|x86
		{6ABED4DF-2688-4003-BD76-8626188BBE31}.Debug|x86.ActiveCfg = Debug|x86
		{6ABED4DF-2688-4003-BD76-8626188BBE31}.Debug|x86.Build.0 = Debug|x86
		{6ABED4DF-2688-4003-BD76-8626188BBE31}.Release|x86.ActiveCfg = Release|x86
		{6ABED4DF-2688-4003-BD76-8626188BBE31}.Release|x86.Build.0 = Release|x86
	EndGlobalSection
	GlobalSection(SolutionProperties) = preSolution
		HideSolutionNode = FALSE
	EndGlobalSection
	GlobalSection(NestedProjects) = preSolution
		{6C2A34A5-D01F-43D0-9612-6DD9341CDFB4} = {277A13C3-8261-4C0F-873E-0175433AA0AA}
		{1EE15D7C-6895-450D-BE68-786F0D6833C0} = {277A13C3-8261-4C0F-873E-0175433AA0AA}
		{4666CBA9-5AC7-4AE5-B44E-9DF87CA39EA2} = {277A13C3-8261-4C0F-873E-0175433AA0AA}
		{987AC18E-CC5A-44EE-BD40-EE58C13F87BA} = {277A13C3-8261-4C0F-873E-0175433AA0AA}
		{A4B0E775-AD46-4155-B3C4-C7B8ED22A54D} = {277A13C3-8261-4C0F-873E-0175433AA0AA}
		{777E717E-5542-4EA8-A420-EA46DE59CCF7} = {31CF6FB2-C7BE-4835-97EC-1799FFEE3EBA}
		{C32391FC-078F-4A8D-ABF2-4A66AB816C9D} = {31CF6FB2-C7BE-4835-97EC-1799FFEE3EBA}
		{846BA2DA-86AE-4AFD-97C0-CB067ABD740E} = {31CF6FB2-C7BE-4835-97EC-1799FFEE3EBA}
		{040E72DC-773E-4002-9E5C-9871791CD430} = {31CF6FB2-C7BE-4835-97EC-1799FFEE3EBA}
		{9DDE74BD-DCE3-4EC6-AFBA-A48A4969F438} = {31CF6FB2-C7BE-4835-97EC-1799FFEE3EBA}
		{CDB8EE10-CAA1-402F-B5D7-CA27AD72478D} = {31CF6FB2-C7BE-4835-97EC-1799FFEE3EBA}
		{55137FE6-62FC-49C8-BFBD-31443323F7AB} = {9DF2F39D-AB7E-47CB-AA34-C506B506FCDF}
		{22FCC78D-157E-4809-B2A4-98F90B5B4C66} = {9DF2F39D-AB7E-47CB-AA34-C506B506FCDF}
		{6CDA8299-53C3-4E67-B623-EB27355E12AE} = {9DF2F39D-AB7E-47CB-AA34-C506B506FCDF}
		{54A8054A-7CF0-4A22-93C0-D2EE1767408A} = {9DF2F39D-AB7E-47CB-AA34-C506B506FCDF}
		{E6AAE517-363B-4C75-8683-F334D6F00D17} = {9DF2F39D-AB7E-47CB-AA34-C506B506FCDF}
		{6ABED4DF-2688-4003-BD76-8626188BBE31} = {9DF2F39D-AB7E-47CB-AA34-C506B506FCDF}
	EndGlobalSection
EndGlobal
